<?xml version="1.0" encoding="utf-8"?>
<Project ToolsVersion="4.0" xmlns="http://schemas.microsoft.com/developer/msbuild/2003">
  <ItemGroup>
    <Filter Include="源文件">
      <UniqueIdentifier>{4FC737F1-C7A5-4376-A066-2A32D752A2FF}</UniqueIdentifier>
      <Extensions>cpp;c;cc;cxx;def;odl;idl;hpj;bat;asm;asmx</Extensions>
    </Filter>
    <Filter Include="头文件">
      <UniqueIdentifier>{93995380-89BD-4b04-88EB-625FBE52EBFB}</UniqueIdentifier>
      <Extensions>h;hh;hpp;hxx;hm;inl;inc;ipp;xsd</Extensions>
    </Filter>
    <Filter Include="资源文件">
      <UniqueIdentifier>{67DA6AB6-F800-4c08-8B7A-83BB121AAD01}</UniqueIdentifier>
      <Extensions>rc;ico;cur;bmp;dlg;rc2;rct;bin;rgs;gif;jpg;jpeg;jpe;resx;tiff;tif;png;wav;mfcribbon-ms</Extensions>
    </Filter>
    <Filter Include="特效文件">
      <UniqueIdentifier>{ac571f3d-308b-495c-98e4-b4f16a5358f7}</UniqueIdentifier>
    </Filter>
    <Filter Include="通用文件">
      <UniqueIdentifier>{e80cd5a3-c45e-44c6-bf8c-4811e39165c8}</UniqueIdentifier>
    </Filter>
    <Filter Include="着色器">
      <UniqueIdentifier>{4ba08af4-cc4b-4124-b4d1-38bc4dd67ee1}</UniqueIdentifier>
    </Filter>
    <Filter Include="Object">
      <UniqueIdentifier>{51d07364-5a31-4a92-a28b-0595f39c8ca9}</UniqueIdentifier>
    </Filter>
  </ItemGroup>
  <ItemGroup>
    <ClCompile Include="通用文件\DDSTextureLoader.cpp">
      <Filter>通用文件</Filter>
    </ClCompile>
    <ClCompile Include="通用文件\DXTrace.cpp">
      <Filter>通用文件</Filter>
    </ClCompile>
    <ClCompile Include="通用文件\Keyboard.cpp">
      <Filter>通用文件</Filter>
    </ClCompile>
    <ClCompile Include="通用文件\Mouse.cpp">
      <Filter>通用文件</Filter>
    </ClCompile>
    <ClCompile Include="通用文件\WICTextureLoader.cpp">
      <Filter>通用文件</Filter>
    </ClCompile>
    <ClCompile Include="特效文件\BasicEffect.cpp">
      <Filter>特效文件</Filter>
    </ClCompile>
    <ClCompile Include="Camera.cpp">
      <Filter>源文件</Filter>
    </ClCompile>
    <ClCompile Include="d3dApp.cpp">
      <Filter>源文件</Filter>
    </ClCompile>
    <ClCompile Include="d3dUtil.cpp">
      <Filter>源文件</Filter>
    </ClCompile>
    <ClCompile Include="GameApp.cpp">
      <Filter>源文件</Filter>
    </ClCompile>
    <ClCompile Include="GameTimer.cpp">
      <Filter>源文件</Filter>
    </ClCompile>
    <ClCompile Include="Main.cpp">
      <Filter>源文件</Filter>
    </ClCompile>
    <ClCompile Include="RenderStates.cpp">
      <Filter>源文件</Filter>
    </ClCompile>
    <ClCompile Include="Vertex.cpp">
      <Filter>源文件</Filter>
    </ClCompile>
    <ClCompile Include="GameObject.cpp">
      <Filter>Object</Filter>
    </ClCompile>
    <ClCompile Include="BillboardObject.cpp">
      <Filter>Object</Filter>
    </ClCompile>
  </ItemGroup>
  <ItemGroup>
    <ClInclude Include="通用文件\DDSTextureLoader.h">
      <Filter>通用文件</Filter>
    </ClInclude>
    <ClInclude Include="通用文件\DXTrace.h">
      <Filter>通用文件</Filter>
    </ClInclude>
    <ClInclude Include="通用文件\Keyboard.h">
      <Filter>通用文件</Filter>
    </ClInclude>
    <ClInclude Include="通用文件\Mouse.h">
      <Filter>通用文件</Filter>
    </ClInclude>
    <ClInclude Include="通用文件\WICTextureLoader.h">
      <Filter>通用文件</Filter>
    </ClInclude>
    <ClInclude Include="特效文件\EffectHelper.h">
      <Filter>特效文件</Filter>
    </ClInclude>
    <ClInclude Include="特效文件\Effects.h">
      <Filter>特效文件</Filter>
    </ClInclude>
    <ClInclude Include="Camera.h">
      <Filter>头文件</Filter>
    </ClInclude>
    <ClInclude Include="d3dApp.h">
      <Filter>头文件</Filter>
    </ClInclude>
    <ClInclude Include="d3dUtil.h">
      <Filter>头文件</Filter>
    </ClInclude>
    <ClInclude Include="GameApp.h">
      <Filter>头文件</Filter>
    </ClInclude>
    <ClInclude Include="GameTimer.h">
      <Filter>头文件</Filter>
    </ClInclude>
    <ClInclude Include="Geometry.h">
      <Filter>头文件</Filter>
    </ClInclude>
    <ClInclude Include="LightHelper.h">
      <Filter>头文件</Filter>
    </ClInclude>
    <ClInclude Include="RenderStates.h">
      <Filter>头文件</Filter>
    </ClInclude>
    <ClInclude Include="Vertex.h">
      <Filter>头文件</Filter>
    </ClInclude>
    <ClInclude Include="GeometryGenerator.h">
      <Filter>头文件</Filter>
    </ClInclude>
    <ClInclude Include="GameObject.h">
      <Filter>Object</Filter>
    </ClInclude>
    <ClInclude Include="BillboardObject.h">
      <Filter>Object</Filter>
    </ClInclude>
  </ItemGroup>
  <ItemGroup>
    <None Include="HLSL\Basic.hlsli">
      <Filter>着色器</Filter>
    </None>
    <None Include="HLSL\LightHelper.hlsli">
      <Filter>着色器</Filter>
    </None>
    <None Include="HLSL\define.hlsli">
      <Filter>着色器</Filter>
    </None>
    <None Include="HLSL\Billboard.hlsli">
      <Filter>着色器</Filter>
    </None>
  </ItemGroup>
  <ItemGroup>
    <FxCompile Include="HLSL\Basic_PS_3D.hlsl">
      <Filter>着色器</Filter>
    </FxCompile>
    <FxCompile Include="HLSL\Basic_VS_3D.hlsl">
      <Filter>着色器</Filter>
    </FxCompile>
    <FxCompile Include="HLSL\Billboard_VS.hlsl">
      <Filter>着色器</Filter>
    </FxCompile>
    <FxCompile Include="HLSL\Billboard_PS.hlsl">
      <Filter>着色器</Filter>
    </FxCompile>
    <FxCompile Include="HLSL\Billboard_GS.hlsl">
      <Filter>着色器</Filter>
    </FxCompile>
  </ItemGroup>
</Project>